
Microsoft Visual Studio Solution File, Format Version 12.00
# Visual Studio Version 17
VisualStudioVersion = 17.10.35122.118
MinimumVisualStudioVersion = 10.0.40219.1
Project("{FAE04EC0-301F-11D3-BF4B-00C04F79EFBC}") = "Chiron-Unpacker", "Chiron-Unpacker\Chiron-Unpacker.csproj", "{921CD448-9B23-45BB-AC53-071E292E7CEA}"
EndProject
Global
	GlobalSection(SolutionConfigurationPlatforms) = preSolution
		Debug|Any CPU = Debug|Any CPU
		Release|Any CPU = Release|Any CPU
	EndGlobalSection
	GlobalSection(ProjectConfigurationPlatforms) = postSolution
		{921CD448-9B23-45BB-AC53-071E292E7CEA}.Debug|Any CPU.ActiveCfg = Debug|Any CPU
		{921CD448-9B23-45BB-AC53-071E292E7CEA}.Debug|Any CPU.Build.0 = Debug|Any CPU
		{921CD448-9B23-45BB-AC53-071E292E7CEA}.Release|Any CPU.ActiveCfg = Release|Any CPU
		{921CD448-9B23-45BB-AC53-071E292E7CEA}.Release|Any CPU.Build.0 = Release|Any CPU
	EndGlobalSection
	GlobalSection(SolutionProperties) = preSolution
		HideSolutionNode = FALSE
	EndGlobalSection
	GlobalSection(ExtensibilityGlobals) = postSolution
		SolutionGuid = {87249AD7-DE28-444D-A9E9-E064E0C2C5FF}
	EndGlobalSection
EndGlobal
